
Microsoft Visual Studio Solution File, Format Version 12.00
# Visual Studio 15
VisualStudioVersion = 15.0.26430.14
MinimumVisualStudioVersion = 10.0.40219.1
Project("{9A19103F-16F7-4668-BE54-9A1E7A4F7556}") = "cnetprog", "cnetprog\cnetprog.csproj", "{D82F13B2-F17B-49B7-BE18-19C0CD99F32B}"
EndProject
Project("{FAE04EC0-301F-11D3-BF4B-00C04F79EFBC}") = "ouderwets", "ouderwets\ouderwets.csproj", "{4419323C-5809-4BAF-A148-2735E508AC54}"
EndProject
Project("{FAE04EC0-301F-11D3-BF4B-00C04F79EFBC}") = "WindowsFormsApp1", "WindowsFormsApp1\WindowsFormsApp1.csproj", "{CF804922-9F82-4D3B-A817-EB27CCECA3E1}"
EndProject
Project("{FAE04EC0-301F-11D3-BF4B-00C04F79EFBC}") = "WpfApp1", "WpfApp1\WpfApp1.csproj", "{0A8E47BB-0A80-4379-95CF-2B26AF6F49F8}"
EndProject
Project("{FAE04EC0-301F-11D3-BF4B-00C04F79EFBC}") = "WinFormsApp1.Tests", "WinFormsApp1.Tests\WinFormsApp1.Tests.csproj", "{951CC744-362B-4181-8BC0-EF2DD2D75421}"
EndProject
Project("{FAE04EC0-301F-11D3-BF4B-00C04F79EFBC}") = "EntityFrameworkOudDemo", "EntityFrameworkOudDemo\EntityFrameworkOudDemo.csproj", "{26B83383-B4C2-4335-A823-BC6789C041BE}"
EndProject
Project("{FAE04EC0-301F-11D3-BF4B-00C04F79EFBC}") = "WebApiCoreDemo", "WebApiCoreDemo\WebApiCoreDemo.csproj", "{AC766140-3BE9-465F-AF50-103FDA856E67}"
EndProject
Global
	GlobalSection(SolutionConfigurationPlatforms) = preSolution
		Debug|Any CPU = Debug|Any CPU
		Release|Any CPU = Release|Any CPU
	EndGlobalSection
	GlobalSection(ProjectConfigurationPlatforms) = postSolution
		{D82F13B2-F17B-49B7-BE18-19C0CD99F32B}.Debug|Any CPU.ActiveCfg = Debug|Any CPU
		{D82F13B2-F17B-49B7-BE18-19C0CD99F32B}.Debug|Any CPU.Build.0 = Debug|Any CPU
		{D82F13B2-F17B-49B7-BE18-19C0CD99F32B}.Release|Any CPU.ActiveCfg = Release|Any CPU
		{D82F13B2-F17B-49B7-BE18-19C0CD99F32B}.Release|Any CPU.Build.0 = Release|Any CPU
		{4419323C-5809-4BAF-A148-2735E508AC54}.Debug|Any CPU.ActiveCfg = Debug|Any CPU
		{4419323C-5809-4BAF-A148-2735E508AC54}.Debug|Any CPU.Build.0 = Debug|Any CPU
		{4419323C-5809-4BAF-A148-2735E508AC54}.Release|Any CPU.ActiveCfg = Release|Any CPU
		{4419323C-5809-4BAF-A148-2735E508AC54}.Release|Any CPU.Build.0 = Release|Any CPU
		{CF804922-9F82-4D3B-A817-EB27CCECA3E1}.Debug|Any CPU.ActiveCfg = Debug|Any CPU
		{CF804922-9F82-4D3B-A817-EB27CCECA3E1}.Debug|Any CPU.Build.0 = Debug|Any CPU
		{CF804922-9F82-4D3B-A817-EB27CCECA3E1}.Release|Any CPU.ActiveCfg = Release|Any CPU
		{CF804922-9F82-4D3B-A817-EB27CCECA3E1}.Release|Any CPU.Build.0 = Release|Any CPU
		{0A8E47BB-0A80-4379-95CF-2B26AF6F49F8}.Debug|Any CPU.ActiveCfg = Debug|Any CPU
		{0A8E47BB-0A80-4379-95CF-2B26AF6F49F8}.Debug|Any CPU.Build.0 = Debug|Any CPU
		{0A8E47BB-0A80-4379-95CF-2B26AF6F49F8}.Release|Any CPU.ActiveCfg = Release|Any CPU
		{0A8E47BB-0A80-4379-95CF-2B26AF6F49F8}.Release|Any CPU.Build.0 = Release|Any CPU
		{951CC744-362B-4181-8BC0-EF2DD2D75421}.Debug|Any CPU.ActiveCfg = Debug|Any CPU
		{951CC744-362B-4181-8BC0-EF2DD2D75421}.Debug|Any CPU.Build.0 = Debug|Any CPU
		{951CC744-362B-4181-8BC0-EF2DD2D75421}.Release|Any CPU.ActiveCfg = Release|Any CPU
		{951CC744-362B-4181-8BC0-EF2DD2D75421}.Release|Any CPU.Build.0 = Release|Any CPU
		{26B83383-B4C2-4335-A823-BC6789C041BE}.Debug|Any CPU.ActiveCfg = Debug|Any CPU
		{26B83383-B4C2-4335-A823-BC6789C041BE}.Debug|Any CPU.Build.0 = Debug|Any CPU
		{26B83383-B4C2-4335-A823-BC6789C041BE}.Release|Any CPU.ActiveCfg = Release|Any CPU
		{26B83383-B4C2-4335-A823-BC6789C041BE}.Release|Any CPU.Build.0 = Release|Any CPU
		{AC766140-3BE9-465F-AF50-103FDA856E67}.Debug|Any CPU.ActiveCfg = Debug|Any CPU
		{AC766140-3BE9-465F-AF50-103FDA856E67}.Debug|Any CPU.Build.0 = Debug|Any CPU
		{AC766140-3BE9-465F-AF50-103FDA856E67}.Release|Any CPU.ActiveCfg = Release|Any CPU
		{AC766140-3BE9-465F-AF50-103FDA856E67}.Release|Any CPU.Build.0 = Release|Any CPU
	EndGlobalSection
	GlobalSection(SolutionProperties) = preSolution
		HideSolutionNode = FALSE
	EndGlobalSection
EndGlobal
